# This file is automatically @generated by Cargo.
# It is not intended for manual editing.
version = 4

[[package]]
name = "digest"
version = "0.1.0"
dependencies = [
 "polysemic-core",
]

[[package]]
name = "digest-poc"
version = "0.1.0"
dependencies = [
 "digest",
 "polysemic-core",
]

[[package]]
name = "lethe"
version = "0.1.0"

[[package]]
name = "polysemic-core"
version = "0.1.0"

[[package]]
name = "seam-demo"
version = "0.1.0"
dependencies = [
 "digest",
 "lethe",
 "polysemic-core",
 "strata",
]

[[package]]
name = "strata"
version = "0.1.0"
